
Microsoft Visual Studio Solution File, Format Version 12.00
# Visual Studio Version 16
VisualStudioVersion = 16.0.30330.147
MinimumVisualStudioVersion = 10.0.40219.1
Project("{FAE04EC0-301F-11D3-BF4B-00C04F79EFBC}") = "ExcelDNAVSExtension", "ExcelDNAVSExtension\ExcelDNAVSExtension.csproj", "{BF7D703B-F324-4BBC-A574-C47F6E8EFA9F}"
EndProject
Project("{FAE04EC0-301F-11D3-BF4B-00C04F79EFBC}") = "CSProjectTemplate", "CSProjectTemplate\CSProjectTemplate.csproj", "{D091468B-6B3E-44B5-B2CC-4038CD754C46}"
EndProject
Project("{F184B08F-C81C-45F6-A57F-5ABD9991F28F}") = "VBProjectTemplate", "VBProjectTemplate\VBProjectTemplate.vbproj", "{ED4B53F2-48F6-4B3D-A5E5-226D5B3C2E7D}"
EndProject
Project("{FAE04EC0-301F-11D3-BF4B-00C04F79EFBC}") = "CSRibbonTemplate", "CSRibbonTemplate\CSRibbonTemplate.csproj", "{92B351DB-A183-4FD7-A8C7-0F3E5694266F}"
EndProject
Project("{F184B08F-C81C-45F6-A57F-5ABD9991F28F}") = "VBRibbonTemplate", "VBRibbonTemplate\VBRibbonTemplate.vbproj", "{7CA1DFAA-149C-4F24-A89A-29FF0A6C2188}"
EndProject
Global
	GlobalSection(SolutionConfigurationPlatforms) = preSolution
		Debug|Any CPU = Debug|Any CPU
		Release|Any CPU = Release|Any CPU
	EndGlobalSection
	GlobalSection(ProjectConfigurationPlatforms) = postSolution
		{BF7D703B-F324-4BBC-A574-C47F6E8EFA9F}.Debug|Any CPU.ActiveCfg = Debug|Any CPU
		{BF7D703B-F324-4BBC-A574-C47F6E8EFA9F}.Debug|Any CPU.Build.0 = Debug|Any CPU
		{BF7D703B-F324-4BBC-A574-C47F6E8EFA9F}.Release|Any CPU.ActiveCfg = Release|Any CPU
		{BF7D703B-F324-4BBC-A574-C47F6E8EFA9F}.Release|Any CPU.Build.0 = Release|Any CPU
		{D091468B-6B3E-44B5-B2CC-4038CD754C46}.Debug|Any CPU.ActiveCfg = Debug|Any CPU
		{D091468B-6B3E-44B5-B2CC-4038CD754C46}.Debug|Any CPU.Build.0 = Debug|Any CPU
		{D091468B-6B3E-44B5-B2CC-4038CD754C46}.Release|Any CPU.ActiveCfg = Release|Any CPU
		{D091468B-6B3E-44B5-B2CC-4038CD754C46}.Release|Any CPU.Build.0 = Release|Any CPU
		{ED4B53F2-48F6-4B3D-A5E5-226D5B3C2E7D}.Debug|Any CPU.ActiveCfg = Debug|Any CPU
		{ED4B53F2-48F6-4B3D-A5E5-226D5B3C2E7D}.Debug|Any CPU.Build.0 = Debug|Any CPU
		{ED4B53F2-48F6-4B3D-A5E5-226D5B3C2E7D}.Release|Any CPU.ActiveCfg = Release|Any CPU
		{ED4B53F2-48F6-4B3D-A5E5-226D5B3C2E7D}.Release|Any CPU.Build.0 = Release|Any CPU
		{92B351DB-A183-4FD7-A8C7-0F3E5694266F}.Debug|Any CPU.ActiveCfg = Debug|Any CPU
		{92B351DB-A183-4FD7-A8C7-0F3E5694266F}.Debug|Any CPU.Build.0 = Debug|Any CPU
		{92B351DB-A183-4FD7-A8C7-0F3E5694266F}.Release|Any CPU.ActiveCfg = Release|Any CPU
		{92B351DB-A183-4FD7-A8C7-0F3E5694266F}.Release|Any CPU.Build.0 = Release|Any CPU
		{7CA1DFAA-149C-4F24-A89A-29FF0A6C2188}.Debug|Any CPU.ActiveCfg = Debug|Any CPU
		{7CA1DFAA-149C-4F24-A89A-29FF0A6C2188}.Debug|Any CPU.Build.0 = Debug|Any CPU
		{7CA1DFAA-149C-4F24-A89A-29FF0A6C2188}.Release|Any CPU.ActiveCfg = Release|Any CPU
		{7CA1DFAA-149C-4F24-A89A-29FF0A6C2188}.Release|Any CPU.Build.0 = Release|Any CPU
	EndGlobalSection
	GlobalSection(SolutionProperties) = preSolution
		HideSolutionNode = FALSE
	EndGlobalSection
	GlobalSection(ExtensibilityGlobals) = postSolution
		SolutionGuid = {FAB66254-F041-41F5-818E-B659C34C6229}
	EndGlobalSection
EndGlobal
