
Microsoft Visual Studio Solution File, Format Version 12.00
# Visual Studio Version 16
VisualStudioVersion = 16.0.30413.136
MinimumVisualStudioVersion = 10.0.40219.1
Project("{FAE04EC0-301F-11D3-BF4B-00C04F79EFBC}") = "ExcelDna.Testing", "ExcelDna.Testing\ExcelDna.Testing.csproj", "{7E1F6558-D102-4CCF-A770-C2C82416B70A}"
EndProject
Project("{FAE04EC0-301F-11D3-BF4B-00C04F79EFBC}") = "Examples", "Examples\Examples.csproj", "{CC2854E3-11FA-4355-AA5C-37E7CDF80068}"
EndProject
Project("{FAE04EC0-301F-11D3-BF4B-00C04F79EFBC}") = "ExcelAgent", "ExcelAgent\ExcelAgent.csproj", "{5262A385-DD7E-4C43-92CA-ECBD8804AF8E}"
EndProject
Project("{FAE04EC0-301F-11D3-BF4B-00C04F79EFBC}") = "ExampleAddin", "ExampleAddin\ExampleAddin.csproj", "{2054617E-5831-428B-BECA-997E1797B9F7}"
EndProject
Global
	GlobalSection(SolutionConfigurationPlatforms) = preSolution
		Debug|Any CPU = Debug|Any CPU
		Release|Any CPU = Release|Any CPU
	EndGlobalSection
	GlobalSection(ProjectConfigurationPlatforms) = postSolution
		{7E1F6558-D102-4CCF-A770-C2C82416B70A}.Debug|Any CPU.ActiveCfg = Debug|Any CPU
		{7E1F6558-D102-4CCF-A770-C2C82416B70A}.Debug|Any CPU.Build.0 = Debug|Any CPU
		{7E1F6558-D102-4CCF-A770-C2C82416B70A}.Release|Any CPU.ActiveCfg = Release|Any CPU
		{7E1F6558-D102-4CCF-A770-C2C82416B70A}.Release|Any CPU.Build.0 = Release|Any CPU
		{CC2854E3-11FA-4355-AA5C-37E7CDF80068}.Debug|Any CPU.ActiveCfg = Debug|Any CPU
		{CC2854E3-11FA-4355-AA5C-37E7CDF80068}.Debug|Any CPU.Build.0 = Debug|Any CPU
		{CC2854E3-11FA-4355-AA5C-37E7CDF80068}.Release|Any CPU.ActiveCfg = Release|Any CPU
		{CC2854E3-11FA-4355-AA5C-37E7CDF80068}.Release|Any CPU.Build.0 = Release|Any CPU
		{5262A385-DD7E-4C43-92CA-ECBD8804AF8E}.Debug|Any CPU.ActiveCfg = Debug|Any CPU
		{5262A385-DD7E-4C43-92CA-ECBD8804AF8E}.Debug|Any CPU.Build.0 = Debug|Any CPU
		{5262A385-DD7E-4C43-92CA-ECBD8804AF8E}.Release|Any CPU.ActiveCfg = Release|Any CPU
		{5262A385-DD7E-4C43-92CA-ECBD8804AF8E}.Release|Any CPU.Build.0 = Release|Any CPU
		{2054617E-5831-428B-BECA-997E1797B9F7}.Debug|Any CPU.ActiveCfg = Debug|Any CPU
		{2054617E-5831-428B-BECA-997E1797B9F7}.Debug|Any CPU.Build.0 = Debug|Any CPU
		{2054617E-5831-428B-BECA-997E1797B9F7}.Release|Any CPU.ActiveCfg = Release|Any CPU
		{2054617E-5831-428B-BECA-997E1797B9F7}.Release|Any CPU.Build.0 = Release|Any CPU
	EndGlobalSection
	GlobalSection(SolutionProperties) = preSolution
		HideSolutionNode = FALSE
	EndGlobalSection
	GlobalSection(ExtensibilityGlobals) = postSolution
		SolutionGuid = {BD432142-F196-41E3-94A8-08192C1E2435}
	EndGlobalSection
EndGlobal
